
Microsoft Visual Studio Solution File, Format Version 12.00
# Visual Studio Version 16
VisualStudioVersion = 16.0.29920.165
MinimumVisualStudioVersion = 10.0.40219.1
Project("{FAE04EC0-301F-11D3-BF4B-00C04F79EFBC}") = "XPDev.Modularization", "XPDev.Modularization\XPDev.Modularization.csproj", "{FCE3CFD6-4F6F-46D8-AE51-EB4453E10A1E}"
EndProject
Global
	GlobalSection(SolutionConfigurationPlatforms) = preSolution
		Debug|Any CPU = Debug|Any CPU
		Release|Any CPU = Release|Any CPU
	EndGlobalSection
	GlobalSection(ProjectConfigurationPlatforms) = postSolution
		{FCE3CFD6-4F6F-46D8-AE51-EB4453E10A1E}.Debug|Any CPU.ActiveCfg = Debug|Any CPU
		{FCE3CFD6-4F6F-46D8-AE51-EB4453E10A1E}.Debug|Any CPU.Build.0 = Debug|Any CPU
		{FCE3CFD6-4F6F-46D8-AE51-EB4453E10A1E}.Release|Any CPU.ActiveCfg = Release|Any CPU
		{FCE3CFD6-4F6F-46D8-AE51-EB4453E10A1E}.Release|Any CPU.Build.0 = Release|Any CPU
	EndGlobalSection
	GlobalSection(SolutionProperties) = preSolution
		HideSolutionNode = FALSE
	EndGlobalSection
	GlobalSection(ExtensibilityGlobals) = postSolution
		SolutionGuid = {5C0FE6F6-9551-45EC-83FC-2D755C02B7C6}
	EndGlobalSection
EndGlobal
