
Microsoft Visual Studio Solution File, Format Version 12.00
# Visual Studio Version 16
VisualStudioVersion = 16.0.29806.167
MinimumVisualStudioVersion = 10.0.40219.1
Project("{9A19103F-16F7-4668-BE54-9A1E7A4F7556}") = "XPDev.FlightSoundsManagement", "XPDev.FlightSoundsManagement\XPDev.FlightSoundsManagement.csproj", "{C40249DF-4EC1-4E8B-9381-E6149C474B9C}"
EndProject
Project("{9A19103F-16F7-4668-BE54-9A1E7A4F7556}") = "XPDev.FlightSoundsManagement.Test", "XPDev.FlightSoundsManagement.Test\XPDev.FlightSoundsManagement.Test.csproj", "{9DE6F569-761B-40F6-8D70-4FE0BB3AC849}"
EndProject
Global
	GlobalSection(SolutionConfigurationPlatforms) = preSolution
		Debug|Any CPU = Debug|Any CPU
		Debug|x64 = Debug|x64
		Release|Any CPU = Release|Any CPU
		Release|x64 = Release|x64
	EndGlobalSection
	GlobalSection(ProjectConfigurationPlatforms) = postSolution
		{C40249DF-4EC1-4E8B-9381-E6149C474B9C}.Debug|Any CPU.ActiveCfg = Debug|Any CPU
		{C40249DF-4EC1-4E8B-9381-E6149C474B9C}.Debug|Any CPU.Build.0 = Debug|Any CPU
		{C40249DF-4EC1-4E8B-9381-E6149C474B9C}.Debug|x64.ActiveCfg = Debug|x64
		{C40249DF-4EC1-4E8B-9381-E6149C474B9C}.Debug|x64.Build.0 = Debug|x64
		{C40249DF-4EC1-4E8B-9381-E6149C474B9C}.Release|Any CPU.ActiveCfg = Release|Any CPU
		{C40249DF-4EC1-4E8B-9381-E6149C474B9C}.Release|Any CPU.Build.0 = Release|Any CPU
		{C40249DF-4EC1-4E8B-9381-E6149C474B9C}.Release|x64.ActiveCfg = Release|x64
		{C40249DF-4EC1-4E8B-9381-E6149C474B9C}.Release|x64.Build.0 = Release|x64
		{9DE6F569-761B-40F6-8D70-4FE0BB3AC849}.Debug|Any CPU.ActiveCfg = Debug|Any CPU
		{9DE6F569-761B-40F6-8D70-4FE0BB3AC849}.Debug|Any CPU.Build.0 = Debug|Any CPU
		{9DE6F569-761B-40F6-8D70-4FE0BB3AC849}.Debug|x64.ActiveCfg = Debug|Any CPU
		{9DE6F569-761B-40F6-8D70-4FE0BB3AC849}.Debug|x64.Build.0 = Debug|Any CPU
		{9DE6F569-761B-40F6-8D70-4FE0BB3AC849}.Release|Any CPU.ActiveCfg = Release|Any CPU
		{9DE6F569-761B-40F6-8D70-4FE0BB3AC849}.Release|Any CPU.Build.0 = Release|Any CPU
		{9DE6F569-761B-40F6-8D70-4FE0BB3AC849}.Release|x64.ActiveCfg = Release|Any CPU
		{9DE6F569-761B-40F6-8D70-4FE0BB3AC849}.Release|x64.Build.0 = Release|Any CPU
	EndGlobalSection
	GlobalSection(SolutionProperties) = preSolution
		HideSolutionNode = FALSE
	EndGlobalSection
	GlobalSection(ExtensibilityGlobals) = postSolution
		SolutionGuid = {2D739C9B-53B4-44BC-BB07-A447C0F3AABD}
	EndGlobalSection
EndGlobal
